// !$*UTF8*$!
{
	archiveVersion = 1;
	classes = {
	};
	objectVersion = 56;
	objects = {

/* Begin PBXBuildFile section */
		24152A7629F984AF0053EB6D /* OnboardingView.swift in Sources */ = {isa = PBXBuildFile; fileRef = 24152A7529F984AF0053EB6D /* OnboardingView.swift */; };
		243369862A0A97D00091A8C6 /* Down in Frameworks */ = {isa = PBXBuildFile; productRef = 243369852A0A97D00091A8C6 /* Down */; };
		2433698B2A0B77C60091A8C6 /* MdViewer.swift in Sources */ = {isa = PBXBuildFile; fileRef = 2433698A2A0B77C60091A8C6 /* MdViewer.swift */; };
		2433698D2A0BC5C40091A8C6 /* CollectionModel.swift in Sources */ = {isa = PBXBuildFile; fileRef = 2433698C2A0BC5C40091A8C6 /* CollectionModel.swift */; };
		244EB3582A1288DB00F41DA0 /* StringUtils.swift in Sources */ = {isa = PBXBuildFile; fileRef = 244EB3572A1288DB00F41DA0 /* StringUtils.swift */; };
		244EB35A2A128D6300F41DA0 /* RequestObjectModel.swift in Sources */ = {isa = PBXBuildFile; fileRef = 244EB3592A128D6300F41DA0 /* RequestObjectModel.swift */; };
		244EB35C2A1293E900F41DA0 /* CollectionDetailsView.swift in Sources */ = {isa = PBXBuildFile; fileRef = 244EB35B2A1293E900F41DA0 /* CollectionDetailsView.swift */; };
		24561BD22A16765900F2DF51 /* RequesterUI.swift in Sources */ = {isa = PBXBuildFile; fileRef = 24561BD12A16765900F2DF51 /* RequesterUI.swift */; };
		2464438129FC3BAB0028EFB1 /* CircleGroupView.swift in Sources */ = {isa = PBXBuildFile; fileRef = 2464438029FC3BAB0028EFB1 /* CircleGroupView.swift */; };
		2481BFC529EC75C400978E0C /* WorkspaceListView.swift in Sources */ = {isa = PBXBuildFile; fileRef = 2481BFC429EC75C400978E0C /* WorkspaceListView.swift */; };
		2481BFC829EC783100978E0C /* WorkspaceModel.swift in Sources */ = {isa = PBXBuildFile; fileRef = 2481BFC729EC783100978E0C /* WorkspaceModel.swift */; };
		2481BFCA29EC789A00978E0C /* WorkspaceResponseModel.swift in Sources */ = {isa = PBXBuildFile; fileRef = 2481BFC929EC789A00978E0C /* WorkspaceResponseModel.swift */; };
		2481BFCD29EC78D900978E0C /* CodableBundleExtension.swift in Sources */ = {isa = PBXBuildFile; fileRef = 2481BFCC29EC78D900978E0C /* CodableBundleExtension.swift */; };
		2481BFD029EC7EBD00978E0C /* ApiFunctions.swift in Sources */ = {isa = PBXBuildFile; fileRef = 2481BFCF29EC7EBD00978E0C /* ApiFunctions.swift */; };
		248806A02A1FC595005C1C39 /* HeadersEditor.swift in Sources */ = {isa = PBXBuildFile; fileRef = 2488069F2A1FC595005C1C39 /* HeadersEditor.swift */; };
		24A3554A29F6BEAA0090AE93 /* ModelFunctions.swift in Sources */ = {isa = PBXBuildFile; fileRef = 24A3554929F6BEAA0090AE93 /* ModelFunctions.swift */; };
		24A3554C29F6C9DA0090AE93 /* ExampleExtention.swift in Sources */ = {isa = PBXBuildFile; fileRef = 24A3554B29F6C9DA0090AE93 /* ExampleExtention.swift */; };
		24A3555029F6F6D30090AE93 /* ApiListView.swift in Sources */ = {isa = PBXBuildFile; fileRef = 24A3554F29F6F6D30090AE93 /* ApiListView.swift */; };
		24A3555229F6F6EA0090AE93 /* CollectionListView.swift in Sources */ = {isa = PBXBuildFile; fileRef = 24A3555129F6F6EA0090AE93 /* CollectionListView.swift */; };
		24A583A529ED54CF00E6B528 /* WorkspaceDetailsView.swift in Sources */ = {isa = PBXBuildFile; fileRef = 24A583A429ED54CF00E6B528 /* WorkspaceDetailsView.swift */; };
		24A583A929EDA62200E6B528 /* UserProfileView.swift in Sources */ = {isa = PBXBuildFile; fileRef = 24A583A829EDA62200E6B528 /* UserProfileView.swift */; };
		24AD7E6E29FD3ADF00D62212 /* TextFieldExtension.swift in Sources */ = {isa = PBXBuildFile; fileRef = 24AD7E6D29FD3ADF00D62212 /* TextFieldExtension.swift */; };
		24AD7E7029FD3B6800D62212 /* ResponseTypes.swift in Sources */ = {isa = PBXBuildFile; fileRef = 24AD7E6F29FD3B6800D62212 /* ResponseTypes.swift */; };
		24C0902B29E9E33F00DF06DD /* PostmanApp.swift in Sources */ = {isa = PBXBuildFile; fileRef = 24C0902A29E9E33F00DF06DD /* PostmanApp.swift */; };
		24C0902D29E9E33F00DF06DD /* ContentView.swift in Sources */ = {isa = PBXBuildFile; fileRef = 24C0902C29E9E33F00DF06DD /* ContentView.swift */; };
		24C0902F29E9E34000DF06DD /* Assets.xcassets in Resources */ = {isa = PBXBuildFile; fileRef = 24C0902E29E9E34000DF06DD /* Assets.xcassets */; };
		24C0903229E9E34000DF06DD /* Preview Assets.xcassets in Resources */ = {isa = PBXBuildFile; fileRef = 24C0903129E9E34000DF06DD /* Preview Assets.xcassets */; };
		24DAF1932A04FAF20034B052 /* WorkspaceListItem.swift in Sources */ = {isa = PBXBuildFile; fileRef = 24DAF1922A04FAF20034B052 /* WorkspaceListItem.swift */; };
		24DF0B722A17AAD00001B4DC /* QueryParamsEditor.swift in Sources */ = {isa = PBXBuildFile; fileRef = 24DF0B712A17AAD00001B4DC /* QueryParamsEditor.swift */; };
		24E609352A13FCF5007578F9 /* RequestListItem.swift in Sources */ = {isa = PBXBuildFile; fileRef = 24E609342A13FCF5007578F9 /* RequestListItem.swift */; };
		24E609372A13FDC2007578F9 /* CollectionFolder.swift in Sources */ = {isa = PBXBuildFile; fileRef = 24E609362A13FDC2007578F9 /* CollectionFolder.swift */; };
		24F7C7FD2A224306008D049D /* CodeEditor in Frameworks */ = {isa = PBXBuildFile; productRef = 24F7C7FC2A224306008D049D /* CodeEditor */; };
		24F7C7FF2A22432F008D049D /* ResponseView.swift in Sources */ = {isa = PBXBuildFile; fileRef = 24F7C7FE2A22432F008D049D /* ResponseView.swift */; };
		24F7C8012A224BBC008D049D /* RequestBodyEditor.swift in Sources */ = {isa = PBXBuildFile; fileRef = 24F7C8002A224BBC008D049D /* RequestBodyEditor.swift */; };
		24FA853329F2FA230076573E /* PostmanLocal.xcdatamodeld in Sources */ = {isa = PBXBuildFile; fileRef = 24FA853129F2FA230076573E /* PostmanLocal.xcdatamodeld */; };
		24FA853829F2FC810076573E /* WorkspaceEntityProvider.swift in Sources */ = {isa = PBXBuildFile; fileRef = 24FA853729F2FC810076573E /* WorkspaceEntityProvider.swift */; };
		24FA853A29F2FEEF0076573E /* NewWorkspaceView.swift in Sources */ = {isa = PBXBuildFile; fileRef = 24FA853929F2FEEF0076573E /* NewWorkspaceView.swift */; };
/* End PBXBuildFile section */

/* Begin PBXFileReference section */
		24152A7529F984AF0053EB6D /* OnboardingView.swift */ = {isa = PBXFileReference; lastKnownFileType = sourcecode.swift; path = OnboardingView.swift; sourceTree = "<group>"; };
		2433698A2A0B77C60091A8C6 /* MdViewer.swift */ = {isa = PBXFileReference; lastKnownFileType = sourcecode.swift; path = MdViewer.swift; sourceTree = "<group>"; };
		2433698C2A0BC5C40091A8C6 /* CollectionModel.swift */ = {isa = PBXFileReference; lastKnownFileType = sourcecode.swift; path = CollectionModel.swift; sourceTree = "<group>"; };
		244EB3572A1288DB00F41DA0 /* StringUtils.swift */ = {isa = PBXFileReference; lastKnownFileType = sourcecode.swift; path = StringUtils.swift; sourceTree = "<group>"; };
		244EB3592A128D6300F41DA0 /* RequestObjectModel.swift */ = {isa = PBXFileReference; lastKnownFileType = sourcecode.swift; path = RequestObjectModel.swift; sourceTree = "<group>"; };
		244EB35B2A1293E900F41DA0 /* CollectionDetailsView.swift */ = {isa = PBXFileReference; lastKnownFileType = sourcecode.swift; path = CollectionDetailsView.swift; sourceTree = "<group>"; };
		24561BD12A16765900F2DF51 /* RequesterUI.swift */ = {isa = PBXFileReference; lastKnownFileType = sourcecode.swift; path = RequesterUI.swift; sourceTree = "<group>"; };
		2464438029FC3BAB0028EFB1 /* CircleGroupView.swift */ = {isa = PBXFileReference; lastKnownFileType = sourcecode.swift; path = CircleGroupView.swift; sourceTree = "<group>"; };
		2481BFC429EC75C400978E0C /* WorkspaceListView.swift */ = {isa = PBXFileReference; lastKnownFileType = sourcecode.swift; path = WorkspaceListView.swift; sourceTree = "<group>"; };
		2481BFC729EC783100978E0C /* WorkspaceModel.swift */ = {isa = PBXFileReference; lastKnownFileType = sourcecode.swift; path = WorkspaceModel.swift; sourceTree = "<group>"; };
		2481BFC929EC789A00978E0C /* WorkspaceResponseModel.swift */ = {isa = PBXFileReference; lastKnownFileType = sourcecode.swift; path = WorkspaceResponseModel.swift; sourceTree = "<group>"; };
		2481BFCC29EC78D900978E0C /* CodableBundleExtension.swift */ = {isa = PBXFileReference; lastKnownFileType = sourcecode.swift; path = CodableBundleExtension.swift; sourceTree = "<group>"; };
		2481BFCF29EC7EBD00978E0C /* ApiFunctions.swift */ = {isa = PBXFileReference; lastKnownFileType = sourcecode.swift; path = ApiFunctions.swift; sourceTree = "<group>"; };
		2488069F2A1FC595005C1C39 /* HeadersEditor.swift */ = {isa = PBXFileReference; lastKnownFileType = sourcecode.swift; path = HeadersEditor.swift; sourceTree = "<group>"; };
		24A3554929F6BEAA0090AE93 /* ModelFunctions.swift */ = {isa = PBXFileReference; lastKnownFileType = sourcecode.swift; path = ModelFunctions.swift; sourceTree = "<group>"; };
		24A3554B29F6C9DA0090AE93 /* ExampleExtention.swift */ = {isa = PBXFileReference; lastKnownFileType = sourcecode.swift; path = ExampleExtention.swift; sourceTree = "<group>"; };
		24A3554F29F6F6D30090AE93 /* ApiListView.swift */ = {isa = PBXFileReference; lastKnownFileType = sourcecode.swift; path = ApiListView.swift; sourceTree = "<group>"; };
		24A3555129F6F6EA0090AE93 /* CollectionListView.swift */ = {isa = PBXFileReference; lastKnownFileType = sourcecode.swift; path = CollectionListView.swift; sourceTree = "<group>"; };
		24A583A429ED54CF00E6B528 /* WorkspaceDetailsView.swift */ = {isa = PBXFileReference; lastKnownFileType = sourcecode.swift; path = WorkspaceDetailsView.swift; sourceTree = "<group>"; };
		24A583A829EDA62200E6B528 /* UserProfileView.swift */ = {isa = PBXFileReference; lastKnownFileType = sourcecode.swift; path = UserProfileView.swift; sourceTree = "<group>"; };
		24AD7E6D29FD3ADF00D62212 /* TextFieldExtension.swift */ = {isa = PBXFileReference; lastKnownFileType = sourcecode.swift; path = TextFieldExtension.swift; sourceTree = "<group>"; };
		24AD7E6F29FD3B6800D62212 /* ResponseTypes.swift */ = {isa = PBXFileReference; lastKnownFileType = sourcecode.swift; path = ResponseTypes.swift; sourceTree = "<group>"; };
		24C0902729E9E33F00DF06DD /* PostmanApp.app */ = {isa = PBXFileReference; explicitFileType = wrapper.application; includeInIndex = 0; path = PostmanApp.app; sourceTree = BUILT_PRODUCTS_DIR; };
		24C0902A29E9E33F00DF06DD /* PostmanApp.swift */ = {isa = PBXFileReference; lastKnownFileType = sourcecode.swift; path = PostmanApp.swift; sourceTree = "<group>"; };
		24C0902C29E9E33F00DF06DD /* ContentView.swift */ = {isa = PBXFileReference; lastKnownFileType = sourcecode.swift; path = ContentView.swift; sourceTree = "<group>"; };
		24C0902E29E9E34000DF06DD /* Assets.xcassets */ = {isa = PBXFileReference; lastKnownFileType = folder.assetcatalog; path = Assets.xcassets; sourceTree = "<group>"; };
		24C0903129E9E34000DF06DD /* Preview Assets.xcassets */ = {isa = PBXFileReference; lastKnownFileType = folder.assetcatalog; path = "Preview Assets.xcassets"; sourceTree = "<group>"; };
		24DAF1922A04FAF20034B052 /* WorkspaceListItem.swift */ = {isa = PBXFileReference; lastKnownFileType = sourcecode.swift; path = WorkspaceListItem.swift; sourceTree = "<group>"; };
		24DF0B712A17AAD00001B4DC /* QueryParamsEditor.swift */ = {isa = PBXFileReference; lastKnownFileType = sourcecode.swift; path = QueryParamsEditor.swift; sourceTree = "<group>"; };
		24E609342A13FCF5007578F9 /* RequestListItem.swift */ = {isa = PBXFileReference; lastKnownFileType = sourcecode.swift; path = RequestListItem.swift; sourceTree = "<group>"; };
		24E609362A13FDC2007578F9 /* CollectionFolder.swift */ = {isa = PBXFileReference; lastKnownFileType = sourcecode.swift; path = CollectionFolder.swift; sourceTree = "<group>"; };
		24F7C7FE2A22432F008D049D /* ResponseView.swift */ = {isa = PBXFileReference; lastKnownFileType = sourcecode.swift; path = ResponseView.swift; sourceTree = "<group>"; };
		24F7C8002A224BBC008D049D /* RequestBodyEditor.swift */ = {isa = PBXFileReference; lastKnownFileType = sourcecode.swift; path = RequestBodyEditor.swift; sourceTree = "<group>"; };
		24FA853229F2FA230076573E /* Workspace.xcdatamodel */ = {isa = PBXFileReference; lastKnownFileType = wrapper.xcdatamodel; path = Workspace.xcdatamodel; sourceTree = "<group>"; };
		24FA853729F2FC810076573E /* WorkspaceEntityProvider.swift */ = {isa = PBXFileReference; lastKnownFileType = sourcecode.swift; path = WorkspaceEntityProvider.swift; sourceTree = "<group>"; };
		24FA853929F2FEEF0076573E /* NewWorkspaceView.swift */ = {isa = PBXFileReference; lastKnownFileType = sourcecode.swift; path = NewWorkspaceView.swift; sourceTree = "<group>"; };
/* End PBXFileReference section */

/* Begin PBXFrameworksBuildPhase section */
		24C0902429E9E33F00DF06DD /* Frameworks */ = {
			isa = PBXFrameworksBuildPhase;
			buildActionMask = 2147483647;
			files = (
				24F7C7FD2A224306008D049D /* CodeEditor in Frameworks */,
				243369862A0A97D00091A8C6 /* Down in Frameworks */,
			);
			runOnlyForDeploymentPostprocessing = 0;
		};
/* End PBXFrameworksBuildPhase section */

/* Begin PBXGroup section */
		244EB3562A1288CD00F41DA0 /* Utils */ = {
			isa = PBXGroup;
			children = (
				244EB3572A1288DB00F41DA0 /* StringUtils.swift */,
			);
			path = Utils;
			sourceTree = "<group>";
		};
		2481BFC329EC75B300978E0C /* Views */ = {
			isa = PBXGroup;
			children = (
				24DF0B702A17AAB10001B4DC /* Requester */,
				2481BFC429EC75C400978E0C /* WorkspaceListView.swift */,
				24A583A429ED54CF00E6B528 /* WorkspaceDetailsView.swift */,
				24A583A829EDA62200E6B528 /* UserProfileView.swift */,
				24FA853929F2FEEF0076573E /* NewWorkspaceView.swift */,
				24A3554F29F6F6D30090AE93 /* ApiListView.swift */,
				24A3555129F6F6EA0090AE93 /* CollectionListView.swift */,
				2464438029FC3BAB0028EFB1 /* CircleGroupView.swift */,
				24DAF1922A04FAF20034B052 /* WorkspaceListItem.swift */,
				2433698A2A0B77C60091A8C6 /* MdViewer.swift */,
				244EB35B2A1293E900F41DA0 /* CollectionDetailsView.swift */,
				24E609342A13FCF5007578F9 /* RequestListItem.swift */,
				24E609362A13FDC2007578F9 /* CollectionFolder.swift */,
				24561BD12A16765900F2DF51 /* RequesterUI.swift */,
			);
			path = Views;
			sourceTree = "<group>";
		};
		2481BFC629EC781D00978E0C /* Models */ = {
			isa = PBXGroup;
			children = (
				2481BFC729EC783100978E0C /* WorkspaceModel.swift */,
				2481BFC929EC789A00978E0C /* WorkspaceResponseModel.swift */,
				2433698C2A0BC5C40091A8C6 /* CollectionModel.swift */,
				244EB3592A128D6300F41DA0 /* RequestObjectModel.swift */,
			);
			path = Models;
			sourceTree = "<group>";
		};
		2481BFCB29EC78C700978E0C /* Extensions */ = {
			isa = PBXGroup;
			children = (
				2481BFCC29EC78D900978E0C /* CodableBundleExtension.swift */,
				24A3554B29F6C9DA0090AE93 /* ExampleExtention.swift */,
				24AD7E6D29FD3ADF00D62212 /* TextFieldExtension.swift */,
			);
			path = Extensions;
			sourceTree = "<group>";
		};
		2481BFCE29EC7EAB00978E0C /* Api */ = {
			isa = PBXGroup;
			children = (
				2481BFCF29EC7EBD00978E0C /* ApiFunctions.swift */,
				24AD7E6F29FD3B6800D62212 /* ResponseTypes.swift */,
			);
			path = Api;
			sourceTree = "<group>";
		};
		24A3554829F6BE900090AE93 /* ModelHelpers */ = {
			isa = PBXGroup;
			children = (
				24A3554929F6BEAA0090AE93 /* ModelFunctions.swift */,
			);
			path = ModelHelpers;
			sourceTree = "<group>";
		};
		24C0901E29E9E33F00DF06DD = {
			isa = PBXGroup;
			children = (
				24C0902929E9E33F00DF06DD /* PostmanApp */,
				24C0902829E9E33F00DF06DD /* Products */,
			);
			sourceTree = "<group>";
		};
		24C0902829E9E33F00DF06DD /* Products */ = {
			isa = PBXGroup;
			children = (
				24C0902729E9E33F00DF06DD /* PostmanApp.app */,
			);
			name = Products;
			sourceTree = "<group>";
		};
		24C0902929E9E33F00DF06DD /* PostmanApp */ = {
			isa = PBXGroup;
			children = (
				244EB3562A1288CD00F41DA0 /* Utils */,
				24A3554829F6BE900090AE93 /* ModelHelpers */,
				24FA853629F2FC630076573E /* Provider */,
				2481BFCE29EC7EAB00978E0C /* Api */,
				2481BFCB29EC78C700978E0C /* Extensions */,
				2481BFC629EC781D00978E0C /* Models */,
				2481BFC329EC75B300978E0C /* Views */,
				24C0902A29E9E33F00DF06DD /* PostmanApp.swift */,
				24C0902C29E9E33F00DF06DD /* ContentView.swift */,
				24152A7529F984AF0053EB6D /* OnboardingView.swift */,
				24FA853129F2FA230076573E /* PostmanLocal.xcdatamodeld */,
				24C0902E29E9E34000DF06DD /* Assets.xcassets */,
				24C0903029E9E34000DF06DD /* Preview Content */,
			);
			path = PostmanApp;
			sourceTree = "<group>";
		};
		24C0903029E9E34000DF06DD /* Preview Content */ = {
			isa = PBXGroup;
			children = (
				24C0903129E9E34000DF06DD /* Preview Assets.xcassets */,
			);
			path = "Preview Content";
			sourceTree = "<group>";
		};
		24DF0B702A17AAB10001B4DC /* Requester */ = {
			isa = PBXGroup;
			children = (
				24DF0B712A17AAD00001B4DC /* QueryParamsEditor.swift */,
				2488069F2A1FC595005C1C39 /* HeadersEditor.swift */,
				24F7C7FE2A22432F008D049D /* ResponseView.swift */,
				24F7C8002A224BBC008D049D /* RequestBodyEditor.swift */,
			);
			path = Requester;
			sourceTree = "<group>";
		};
		24FA853629F2FC630076573E /* Provider */ = {
			isa = PBXGroup;
			children = (
				24FA853729F2FC810076573E /* WorkspaceEntityProvider.swift */,
			);
			path = Provider;
			sourceTree = "<group>";
		};
/* End PBXGroup section */

/* Begin PBXNativeTarget section */
		24C0902629E9E33F00DF06DD /* PostmanApp */ = {
			isa = PBXNativeTarget;
			buildConfigurationList = 24C0903529E9E34000DF06DD /* Build configuration list for PBXNativeTarget "PostmanApp" */;
			buildPhases = (
				24C0902329E9E33F00DF06DD /* Sources */,
				24C0902429E9E33F00DF06DD /* Frameworks */,
				24C0902529E9E33F00DF06DD /* Resources */,
			);
			buildRules = (
			);
			dependencies = (
			);
			name = PostmanApp;
			packageProductDependencies = (
				243369852A0A97D00091A8C6 /* Down */,
				24F7C7FC2A224306008D049D /* CodeEditor */,
			);
			productName = PostmanApp;
			productReference = 24C0902729E9E33F00DF06DD /* PostmanApp.app */;
			productType = "com.apple.product-type.application";
		};
/* End PBXNativeTarget section */

/* Begin PBXProject section */
		24C0901F29E9E33F00DF06DD /* Project object */ = {
			isa = PBXProject;
			attributes = {
				BuildIndependentTargetsInParallel = 1;
				LastSwiftUpdateCheck = 1410;
				LastUpgradeCheck = 1410;
				TargetAttributes = {
					24C0902629E9E33F00DF06DD = {
						CreatedOnToolsVersion = 14.1;
					};
				};
			};
			buildConfigurationList = 24C0902229E9E33F00DF06DD /* Build configuration list for PBXProject "PostmanApp" */;
			compatibilityVersion = "Xcode 14.0";
			developmentRegion = en;
			hasScannedForEncodings = 0;
			knownRegions = (
				en,
				Base,
			);
			mainGroup = 24C0901E29E9E33F00DF06DD;
			packageReferences = (
				243369842A0A97D00091A8C6 /* XCRemoteSwiftPackageReference "Down" */,
				24F7C7FB2A224306008D049D /* XCRemoteSwiftPackageReference "CodeEditor" */,
			);
			productRefGroup = 24C0902829E9E33F00DF06DD /* Products */;
			projectDirPath = "";
			projectRoot = "";
			targets = (
				24C0902629E9E33F00DF06DD /* PostmanApp */,
			);
		};
/* End PBXProject section */

/* Begin PBXResourcesBuildPhase section */
		24C0902529E9E33F00DF06DD /* Resources */ = {
			isa = PBXResourcesBuildPhase;
			buildActionMask = 2147483647;
			files = (
				24C0903229E9E34000DF06DD /* Preview Assets.xcassets in Resources */,
				24C0902F29E9E34000DF06DD /* Assets.xcassets in Resources */,
			);
			runOnlyForDeploymentPostprocessing = 0;
		};
/* End PBXResourcesBuildPhase section */

/* Begin PBXSourcesBuildPhase section */
		24C0902329E9E33F00DF06DD /* Sources */ = {
			isa = PBXSourcesBuildPhase;
			buildActionMask = 2147483647;
			files = (
				2481BFC529EC75C400978E0C /* WorkspaceListView.swift in Sources */,
				24E609372A13FDC2007578F9 /* CollectionFolder.swift in Sources */,
				24DAF1932A04FAF20034B052 /* WorkspaceListItem.swift in Sources */,
				24FA853829F2FC810076573E /* WorkspaceEntityProvider.swift in Sources */,
				24A583A929EDA62200E6B528 /* UserProfileView.swift in Sources */,
				24152A7629F984AF0053EB6D /* OnboardingView.swift in Sources */,
				2481BFD029EC7EBD00978E0C /* ApiFunctions.swift in Sources */,
				2433698B2A0B77C60091A8C6 /* MdViewer.swift in Sources */,
				244EB35C2A1293E900F41DA0 /* CollectionDetailsView.swift in Sources */,
				2481BFCA29EC789A00978E0C /* WorkspaceResponseModel.swift in Sources */,
				24FA853A29F2FEEF0076573E /* NewWorkspaceView.swift in Sources */,
				2464438129FC3BAB0028EFB1 /* CircleGroupView.swift in Sources */,
				244EB35A2A128D6300F41DA0 /* RequestObjectModel.swift in Sources */,
				2481BFCD29EC78D900978E0C /* CodableBundleExtension.swift in Sources */,
				24A3554C29F6C9DA0090AE93 /* ExampleExtention.swift in Sources */,
				244EB3582A1288DB00F41DA0 /* StringUtils.swift in Sources */,
				24FA853329F2FA230076573E /* PostmanLocal.xcdatamodeld in Sources */,
				24DF0B722A17AAD00001B4DC /* QueryParamsEditor.swift in Sources */,
				24C0902D29E9E33F00DF06DD /* ContentView.swift in Sources */,
				24A583A529ED54CF00E6B528 /* WorkspaceDetailsView.swift in Sources */,
				24AD7E6E29FD3ADF00D62212 /* TextFieldExtension.swift in Sources */,
				2433698D2A0BC5C40091A8C6 /* CollectionModel.swift in Sources */,
				24F7C8012A224BBC008D049D /* RequestBodyEditor.swift in Sources */,
				24A3555229F6F6EA0090AE93 /* CollectionListView.swift in Sources */,
				24F7C7FF2A22432F008D049D /* ResponseView.swift in Sources */,
				24561BD22A16765900F2DF51 /* RequesterUI.swift in Sources */,
				24C0902B29E9E33F00DF06DD /* PostmanApp.swift in Sources */,
				248806A02A1FC595005C1C39 /* HeadersEditor.swift in Sources */,
				24E609352A13FCF5007578F9 /* RequestListItem.swift in Sources */,
				2481BFC829EC783100978E0C /* WorkspaceModel.swift in Sources */,
				24A3555029F6F6D30090AE93 /* ApiListView.swift in Sources */,
				24AD7E7029FD3B6800D62212 /* ResponseTypes.swift in Sources */,
				24A3554A29F6BEAA0090AE93 /* ModelFunctions.swift in Sources */,
			);
			runOnlyForDeploymentPostprocessing = 0;
		};
/* End PBXSourcesBuildPhase section */

/* Begin XCBuildConfiguration section */
		24C0903329E9E34000DF06DD /* Debug */ = {
			isa = XCBuildConfiguration;
			buildSettings = {
				ALWAYS_SEARCH_USER_PATHS = NO;
				CLANG_ANALYZER_NONNULL = YES;
				CLANG_ANALYZER_NUMBER_OBJECT_CONVERSION = YES_AGGRESSIVE;
				CLANG_CXX_LANGUAGE_STANDARD = "gnu++20";
				CLANG_ENABLE_MODULES = YES;
				CLANG_ENABLE_OBJC_ARC = YES;
				CLANG_ENABLE_OBJC_WEAK = YES;
				CLANG_WARN_BLOCK_CAPTURE_AUTORELEASING = YES;
				CLANG_WARN_BOOL_CONVERSION = YES;
				CLANG_WARN_COMMA = YES;
				CLANG_WARN_CONSTANT_CONVERSION = YES;
				CLANG_WARN_DEPRECATED_OBJC_IMPLEMENTATIONS = YES;
				CLANG_WARN_DIRECT_OBJC_ISA_USAGE = YES_ERROR;
				CLANG_WARN_DOCUMENTATION_COMMENTS = YES;
				CLANG_WARN_EMPTY_BODY = YES;
				CLANG_WARN_ENUM_CONVERSION = YES;
				CLANG_WARN_INFINITE_RECURSION = YES;
				CLANG_WARN_INT_CONVERSION = YES;
				CLANG_WARN_NON_LITERAL_NULL_CONVERSION = YES;
				CLANG_WARN_OBJC_IMPLICIT_RETAIN_SELF = YES;
				CLANG_WARN_OBJC_LITERAL_CONVERSION = YES;
				CLANG_WARN_OBJC_ROOT_CLASS = YES_ERROR;
				CLANG_WARN_QUOTED_INCLUDE_IN_FRAMEWORK_HEADER = YES;
				CLANG_WARN_RANGE_LOOP_ANALYSIS = YES;
				CLANG_WARN_STRICT_PROTOTYPES = YES;
				CLANG_WARN_SUSPICIOUS_MOVE = YES;
				CLANG_WARN_UNGUARDED_AVAILABILITY = YES_AGGRESSIVE;
				CLANG_WARN_UNREACHABLE_CODE = YES;
				CLANG_WARN__DUPLICATE_METHOD_MATCH = YES;
				COPY_PHASE_STRIP = NO;
				DEBUG_INFORMATION_FORMAT = dwarf;
				ENABLE_STRICT_OBJC_MSGSEND = YES;
				ENABLE_TESTABILITY = YES;
				GCC_C_LANGUAGE_STANDARD = gnu11;
				GCC_DYNAMIC_NO_PIC = NO;
				GCC_NO_COMMON_BLOCKS = YES;
				GCC_OPTIMIZATION_LEVEL = 0;
				GCC_PREPROCESSOR_DEFINITIONS = (
					"DEBUG=1",
					"$(inherited)",
				);
				GCC_WARN_64_TO_32_BIT_CONVERSION = YES;
				GCC_WARN_ABOUT_RETURN_TYPE = YES_ERROR;
				GCC_WARN_UNDECLARED_SELECTOR = YES;
				GCC_WARN_UNINITIALIZED_AUTOS = YES_AGGRESSIVE;
				GCC_WARN_UNUSED_FUNCTION = YES;
				GCC_WARN_UNUSED_VARIABLE = YES;
				IPHONEOS_DEPLOYMENT_TARGET = 16.1;
				MTL_ENABLE_DEBUG_INFO = INCLUDE_SOURCE;
				MTL_FAST_MATH = YES;
				ONLY_ACTIVE_ARCH = YES;
				SDKROOT = iphoneos;
				SWIFT_ACTIVE_COMPILATION_CONDITIONS = DEBUG;
				SWIFT_OPTIMIZATION_LEVEL = "-Onone";
			};
			name = Debug;
		};
		24C0903429E9E34000DF06DD /* Release */ = {
			isa = XCBuildConfiguration;
			buildSettings = {
				ALWAYS_SEARCH_USER_PATHS = NO;
				CLANG_ANALYZER_NONNULL = YES;
				CLANG_ANALYZER_NUMBER_OBJECT_CONVERSION = YES_AGGRESSIVE;
				CLANG_CXX_LANGUAGE_STANDARD = "gnu++20";
				CLANG_ENABLE_MODULES = YES;
				CLANG_ENABLE_OBJC_ARC = YES;
				CLANG_ENABLE_OBJC_WEAK = YES;
				CLANG_WARN_BLOCK_CAPTURE_AUTORELEASING = YES;
				CLANG_WARN_BOOL_CONVERSION = YES;
				CLANG_WARN_COMMA = YES;
				CLANG_WARN_CONSTANT_CONVERSION = YES;
				CLANG_WARN_DEPRECATED_OBJC_IMPLEMENTATIONS = YES;
				CLANG_WARN_DIRECT_OBJC_ISA_USAGE = YES_ERROR;
				CLANG_WARN_DOCUMENTATION_COMMENTS = YES;
				CLANG_WARN_EMPTY_BODY = YES;
				CLANG_WARN_ENUM_CONVERSION = YES;
				CLANG_WARN_INFINITE_RECURSION = YES;
				CLANG_WARN_INT_CONVERSION = YES;
				CLANG_WARN_NON_LITERAL_NULL_CONVERSION = YES;
				CLANG_WARN_OBJC_IMPLICIT_RETAIN_SELF = YES;
				CLANG_WARN_OBJC_LITERAL_CONVERSION = YES;
				CLANG_WARN_OBJC_ROOT_CLASS = YES_ERROR;
				CLANG_WARN_QUOTED_INCLUDE_IN_FRAMEWORK_HEADER = YES;
				CLANG_WARN_RANGE_LOOP_ANALYSIS = YES;
				CLANG_WARN_STRICT_PROTOTYPES = YES;
				CLANG_WARN_SUSPICIOUS_MOVE = YES;
				CLANG_WARN_UNGUARDED_AVAILABILITY = YES_AGGRESSIVE;
				CLANG_WARN_UNREACHABLE_CODE = YES;
				CLANG_WARN__DUPLICATE_METHOD_MATCH = YES;
				COPY_PHASE_STRIP = NO;
				DEBUG_INFORMATION_FORMAT = "dwarf-with-dsym";
				ENABLE_NS_ASSERTIONS = NO;
				ENABLE_STRICT_OBJC_MSGSEND = YES;
				GCC_C_LANGUAGE_STANDARD = gnu11;
				GCC_NO_COMMON_BLOCKS = YES;
				GCC_WARN_64_TO_32_BIT_CONVERSION = YES;
				GCC_WARN_ABOUT_RETURN_TYPE = YES_ERROR;
				GCC_WARN_UNDECLARED_SELECTOR = YES;
				GCC_WARN_UNINITIALIZED_AUTOS = YES_AGGRESSIVE;
				GCC_WARN_UNUSED_FUNCTION = YES;
				GCC_WARN_UNUSED_VARIABLE = YES;
				IPHONEOS_DEPLOYMENT_TARGET = 16.1;
				MTL_ENABLE_DEBUG_INFO = NO;
				MTL_FAST_MATH = YES;
				SDKROOT = iphoneos;
				SWIFT_COMPILATION_MODE = wholemodule;
				SWIFT_OPTIMIZATION_LEVEL = "-O";
				VALIDATE_PRODUCT = YES;
			};
			name = Release;
		};
		24C0903629E9E34000DF06DD /* Debug */ = {
			isa = XCBuildConfiguration;
			buildSettings = {
				ASSETCATALOG_COMPILER_APPICON_NAME = AppIcon;
				ASSETCATALOG_COMPILER_GLOBAL_ACCENT_COLOR_NAME = AccentColor;
				CODE_SIGN_STYLE = Automatic;
				CURRENT_PROJECT_VERSION = 1;
				DEVELOPMENT_ASSET_PATHS = "\"PostmanApp/Preview Content\"";
				DEVELOPMENT_TEAM = XFSL58LKTQ;
				ENABLE_PREVIEWS = YES;
				GENERATE_INFOPLIST_FILE = YES;
				INFOPLIST_KEY_UIApplicationSceneManifest_Generation = YES;
				INFOPLIST_KEY_UIApplicationSupportsIndirectInputEvents = YES;
				INFOPLIST_KEY_UILaunchScreen_Generation = YES;
				INFOPLIST_KEY_UISupportedInterfaceOrientations_iPad = "UIInterfaceOrientationPortrait UIInterfaceOrientationPortraitUpsideDown UIInterfaceOrientationLandscapeLeft UIInterfaceOrientationLandscapeRight";
				INFOPLIST_KEY_UISupportedInterfaceOrientations_iPhone = "UIInterfaceOrientationPortrait UIInterfaceOrientationLandscapeLeft UIInterfaceOrientationLandscapeRight";
				LD_RUNPATH_SEARCH_PATHS = (
					"$(inherited)",
					"@executable_path/Frameworks",
				);
				MARKETING_VERSION = 1.0;
				PRODUCT_BUNDLE_IDENTIFIER = in.consolelabs.PostmanApp;
				PRODUCT_NAME = "$(TARGET_NAME)";
				SWIFT_EMIT_LOC_STRINGS = YES;
				SWIFT_VERSION = 5.0;
				TARGETED_DEVICE_FAMILY = "1,2";
			};
			name = Debug;
		};
		24C0903729E9E34000DF06DD /* Release */ = {
			isa = XCBuildConfiguration;
			buildSettings = {
				ASSETCATALOG_COMPILER_APPICON_NAME = AppIcon;
				ASSETCATALOG_COMPILER_GLOBAL_ACCENT_COLOR_NAME = AccentColor;
				CODE_SIGN_STYLE = Automatic;
				CURRENT_PROJECT_VERSION = 1;
				DEVELOPMENT_ASSET_PATHS = "\"PostmanApp/Preview Content\"";
				DEVELOPMENT_TEAM = XFSL58LKTQ;
				ENABLE_PREVIEWS = YES;
				GENERATE_INFOPLIST_FILE = YES;
				INFOPLIST_KEY_UIApplicationSceneManifest_Generation = YES;
				INFOPLIST_KEY_UIApplicationSupportsIndirectInputEvents = YES;
				INFOPLIST_KEY_UILaunchScreen_Generation = YES;
				INFOPLIST_KEY_UISupportedInterfaceOrientations_iPad = "UIInterfaceOrientationPortrait UIInterfaceOrientationPortraitUpsideDown UIInterfaceOrientationLandscapeLeft UIInterfaceOrientationLandscapeRight";
				INFOPLIST_KEY_UISupportedInterfaceOrientations_iPhone = "UIInterfaceOrientationPortrait UIInterfaceOrientationLandscapeLeft UIInterfaceOrientationLandscapeRight";
				LD_RUNPATH_SEARCH_PATHS = (
					"$(inherited)",
					"@executable_path/Frameworks",
				);
				MARKETING_VERSION = 1.0;
				PRODUCT_BUNDLE_IDENTIFIER = in.consolelabs.PostmanApp;
				PRODUCT_NAME = "$(TARGET_NAME)";
				SWIFT_EMIT_LOC_STRINGS = YES;
				SWIFT_VERSION = 5.0;
				TARGETED_DEVICE_FAMILY = "1,2";
			};
			name = Release;
		};
/* End XCBuildConfiguration section */

/* Begin XCConfigurationList section */
		24C0902229E9E33F00DF06DD /* Build configuration list for PBXProject "PostmanApp" */ = {
			isa = XCConfigurationList;
			buildConfigurations = (
				24C0903329E9E34000DF06DD /* Debug */,
				24C0903429E9E34000DF06DD /* Release */,
			);
			defaultConfigurationIsVisible = 0;
			defaultConfigurationName = Release;
		};
		24C0903529E9E34000DF06DD /* Build configuration list for PBXNativeTarget "PostmanApp" */ = {
			isa = XCConfigurationList;
			buildConfigurations = (
				24C0903629E9E34000DF06DD /* Debug */,
				24C0903729E9E34000DF06DD /* Release */,
			);
			defaultConfigurationIsVisible = 0;
			defaultConfigurationName = Release;
		};
/* End XCConfigurationList section */

/* Begin XCRemoteSwiftPackageReference section */
		243369842A0A97D00091A8C6 /* XCRemoteSwiftPackageReference "Down" */ = {
			isa = XCRemoteSwiftPackageReference;
			repositoryURL = "https://github.com/johnxnguyen/Down";
			requirement = {
				branch = master;
				kind = branch;
			};
		};
		24F7C7FB2A224306008D049D /* XCRemoteSwiftPackageReference "CodeEditor" */ = {
			isa = XCRemoteSwiftPackageReference;
			repositoryURL = "https://github.com/ZeeZide/CodeEditor.git";
			requirement = {
				kind = upToNextMajorVersion;
				minimumVersion = 1.0.0;
			};
		};
/* End XCRemoteSwiftPackageReference section */

/* Begin XCSwiftPackageProductDependency section */
		243369852A0A97D00091A8C6 /* Down */ = {
			isa = XCSwiftPackageProductDependency;
			package = 243369842A0A97D00091A8C6 /* XCRemoteSwiftPackageReference "Down" */;
			productName = Down;
		};
		24F7C7FC2A224306008D049D /* CodeEditor */ = {
			isa = XCSwiftPackageProductDependency;
			package = 24F7C7FB2A224306008D049D /* XCRemoteSwiftPackageReference "CodeEditor" */;
			productName = CodeEditor;
		};
/* End XCSwiftPackageProductDependency section */

/* Begin XCVersionGroup section */
		24FA853129F2FA230076573E /* PostmanLocal.xcdatamodeld */ = {
			isa = XCVersionGroup;
			children = (
				24FA853229F2FA230076573E /* Workspace.xcdatamodel */,
			);
			currentVersion = 24FA853229F2FA230076573E /* Workspace.xcdatamodel */;
			path = PostmanLocal.xcdatamodeld;
			sourceTree = "<group>";
			versionGroupType = wrapper.xcdatamodel;
		};
/* End XCVersionGroup section */
	};
	rootObject = 24C0901F29E9E33F00DF06DD /* Project object */;
}
